
Microsoft Visual Studio Solution File, Format Version 12.00
# Visual Studio Version 16
VisualStudioVersion = 16.0.33130.400
MinimumVisualStudioVersion = 10.0.40219.1
Project("{F184B08F-C81C-45F6-A57F-5ABD9991F28F}") = "iReverse_Ultimate_Client", "iReverse_Ultimate_Client\iReverse_Ultimate_Client.vbproj", "{642F7203-7FDC-4A4B-BBE3-5E72DDC59D36}"
EndProject
Project("{2150E333-8FDC-42A3-9474-1A3956D46DE8}") = "Solution Items", "Solution Items", "{FBBF43D9-ED63-4CB7-BD22-A3BD6E86EB45}"
	ProjectSection(SolutionItems) = preProject
		.editorconfig = .editorconfig
	EndProjectSection
EndProject
Global
	GlobalSection(SolutionConfigurationPlatforms) = preSolution
		Debug|Any CPU = Debug|Any CPU
		Release|Any CPU = Release|Any CPU
	EndGlobalSection
	GlobalSection(ProjectConfigurationPlatforms) = postSolution
		{642F7203-7FDC-4A4B-BBE3-5E72DDC59D36}.Debug|Any CPU.ActiveCfg = Debug|Any CPU
		{642F7203-7FDC-4A4B-BBE3-5E72DDC59D36}.Debug|Any CPU.Build.0 = Debug|Any CPU
		{642F7203-7FDC-4A4B-BBE3-5E72DDC59D36}.Release|Any CPU.ActiveCfg = Release|Any CPU
		{642F7203-7FDC-4A4B-BBE3-5E72DDC59D36}.Release|Any CPU.Build.0 = Release|Any CPU
	EndGlobalSection
	GlobalSection(SolutionProperties) = preSolution
		HideSolutionNode = FALSE
	EndGlobalSection
	GlobalSection(ExtensibilityGlobals) = postSolution
		SolutionGuid = {ED3B595D-FB19-4503-8F61-E13B885B576D}
	EndGlobalSection
EndGlobal
